// !$*UTF8*$!
{
	archiveVersion = 1;
	classes = {
	};
	objectVersion = 48;
	objects = {

/* Begin PBXBuildFile section */
		22405D282028088100CD9E54 /* main.cpp in Sources */ = {isa = PBXBuildFile; fileRef = 22405D272028088100CD9E54 /* main.cpp */; };
		22405D30202808C500CD9E54 /* GLUT.framework in Frameworks */ = {isa = PBXBuildFile; fileRef = 22405D2F202808C500CD9E54 /* GLUT.framework */; };
		22405D32202808CA00CD9E54 /* OpenGL.framework in Frameworks */ = {isa = PBXBuildFile; fileRef = 22405D31202808CA00CD9E54 /* OpenGL.framework */; };
		22405D34202808DB00CD9E54 /* libGLEW.2.1.0.dylib in Frameworks */ = {isa = PBXBuildFile; fileRef = 22405D33202808DB00CD9E54 /* libGLEW.2.1.0.dylib */; };
		22405D3820280A5C00CD9E54 /* LoadShaders.cpp in Sources */ = {isa = PBXBuildFile; fileRef = 22405D3620280A5B00CD9E54 /* LoadShaders.cpp */; };
		2247EA8320328F9700904518 /* Clarity.cpp in Sources */ = {isa = PBXBuildFile; fileRef = 2247EA8120328F9700904518 /* Clarity.cpp */; };
		2247EA862032903B00904518 /* Graphics.cpp in Sources */ = {isa = PBXBuildFile; fileRef = 2247EA842032903B00904518 /* Graphics.cpp */; };
		2247EA89203292DE00904518 /* GameObjectManager.cpp in Sources */ = {isa = PBXBuildFile; fileRef = 2247EA87203292DE00904518 /* GameObjectManager.cpp */; };
		2247EA8C2032934900904518 /* GameObject.cpp in Sources */ = {isa = PBXBuildFile; fileRef = 2247EA8A2032934900904518 /* GameObject.cpp */; };
		2247EA8F203296CF00904518 /* BaseMessage.cpp in Sources */ = {isa = PBXBuildFile; fileRef = 2247EA8D203296CF00904518 /* BaseMessage.cpp */; };
		2247EA922032973800904518 /* BaseComponent.cpp in Sources */ = {isa = PBXBuildFile; fileRef = 2247EA902032973800904518 /* BaseComponent.cpp */; };
		2247EA9620329ED400904518 /* Transform.cpp in Sources */ = {isa = PBXBuildFile; fileRef = 2247EA9420329ED400904518 /* Transform.cpp */; };
		22962D422030B1A0001A421D /* triangles.frag in CopyFiles */ = {isa = PBXBuildFile; fileRef = 2272AD702029483900CE3A87 /* triangles.frag */; };
		22962D432030B1A0001A421D /* triangles.vert in CopyFiles */ = {isa = PBXBuildFile; fileRef = 2272AD6F2029483900CE3A87 /* triangles.vert */; };
/* End PBXBuildFile section */

/* Begin PBXCopyFilesBuildPhase section */
		22405D222028088100CD9E54 /* CopyFiles */ = {
			isa = PBXCopyFilesBuildPhase;
			buildActionMask = 12;
			dstPath = "";
			dstSubfolderSpec = 16;
			files = (
				22962D422030B1A0001A421D /* triangles.frag in CopyFiles */,
				22962D432030B1A0001A421D /* triangles.vert in CopyFiles */,
			);
			runOnlyForDeploymentPostprocessing = 0;
		};
/* End PBXCopyFilesBuildPhase section */

/* Begin PBXFileReference section */
		22405D242028088100CD9E54 /* Clarity Engine */ = {isa = PBXFileReference; explicitFileType = "compiled.mach-o.executable"; includeInIndex = 0; path = "Clarity Engine"; sourceTree = BUILT_PRODUCTS_DIR; };
		22405D272028088100CD9E54 /* main.cpp */ = {isa = PBXFileReference; lastKnownFileType = sourcecode.cpp.cpp; path = main.cpp; sourceTree = "<group>"; };
		22405D2F202808C500CD9E54 /* GLUT.framework */ = {isa = PBXFileReference; lastKnownFileType = wrapper.framework; name = GLUT.framework; path = System/Library/Frameworks/GLUT.framework; sourceTree = SDKROOT; };
		22405D31202808CA00CD9E54 /* OpenGL.framework */ = {isa = PBXFileReference; lastKnownFileType = wrapper.framework; name = OpenGL.framework; path = System/Library/Frameworks/OpenGL.framework; sourceTree = SDKROOT; };
		22405D33202808DB00CD9E54 /* libGLEW.2.1.0.dylib */ = {isa = PBXFileReference; lastKnownFileType = "compiled.mach-o.dylib"; name = libGLEW.2.1.0.dylib; path = Libraries/glew/2.1.0/lib/libGLEW.2.1.0.dylib; sourceTree = "<group>"; };
		22405D3620280A5B00CD9E54 /* LoadShaders.cpp */ = {isa = PBXFileReference; fileEncoding = 4; lastKnownFileType = sourcecode.cpp.cpp; path = LoadShaders.cpp; sourceTree = "<group>"; };
		2247EA8120328F9700904518 /* Clarity.cpp */ = {isa = PBXFileReference; lastKnownFileType = sourcecode.cpp.cpp; path = Clarity.cpp; sourceTree = "<group>"; };
		2247EA8220328F9700904518 /* Clarity.hpp */ = {isa = PBXFileReference; lastKnownFileType = sourcecode.cpp.h; path = Clarity.hpp; sourceTree = "<group>"; };
		2247EA842032903B00904518 /* Graphics.cpp */ = {isa = PBXFileReference; lastKnownFileType = sourcecode.cpp.cpp; path = Graphics.cpp; sourceTree = "<group>"; };
		2247EA852032903B00904518 /* Graphics.hpp */ = {isa = PBXFileReference; lastKnownFileType = sourcecode.cpp.h; path = Graphics.hpp; sourceTree = "<group>"; };
		2247EA87203292DE00904518 /* GameObjectManager.cpp */ = {isa = PBXFileReference; lastKnownFileType = sourcecode.cpp.cpp; path = GameObjectManager.cpp; sourceTree = "<group>"; };
		2247EA88203292DE00904518 /* GameObjectManager.hpp */ = {isa = PBXFileReference; lastKnownFileType = sourcecode.cpp.h; path = GameObjectManager.hpp; sourceTree = "<group>"; };
		2247EA8A2032934900904518 /* GameObject.cpp */ = {isa = PBXFileReference; lastKnownFileType = sourcecode.cpp.cpp; path = GameObject.cpp; sourceTree = "<group>"; };
		2247EA8B2032934900904518 /* GameObject.hpp */ = {isa = PBXFileReference; lastKnownFileType = sourcecode.cpp.h; path = GameObject.hpp; sourceTree = "<group>"; };
		2247EA8D203296CF00904518 /* BaseMessage.cpp */ = {isa = PBXFileReference; lastKnownFileType = sourcecode.cpp.cpp; path = BaseMessage.cpp; sourceTree = "<group>"; };
		2247EA8E203296CF00904518 /* BaseMessage.hpp */ = {isa = PBXFileReference; lastKnownFileType = sourcecode.cpp.h; path = BaseMessage.hpp; sourceTree = "<group>"; };
		2247EA902032973800904518 /* BaseComponent.cpp */ = {isa = PBXFileReference; lastKnownFileType = sourcecode.cpp.cpp; path = BaseComponent.cpp; sourceTree = "<group>"; };
		2247EA912032973800904518 /* BaseComponent.hpp */ = {isa = PBXFileReference; lastKnownFileType = sourcecode.cpp.h; path = BaseComponent.hpp; sourceTree = "<group>"; };
		2247EA9420329ED400904518 /* Transform.cpp */ = {isa = PBXFileReference; lastKnownFileType = sourcecode.cpp.cpp; path = Transform.cpp; sourceTree = "<group>"; };
		2247EA9520329ED400904518 /* Transform.hpp */ = {isa = PBXFileReference; lastKnownFileType = sourcecode.cpp.h; path = Transform.hpp; sourceTree = "<group>"; };
		2272AD6F2029483900CE3A87 /* triangles.vert */ = {isa = PBXFileReference; lastKnownFileType = sourcecode.glsl; path = triangles.vert; sourceTree = "<group>"; };
		2272AD702029483900CE3A87 /* triangles.frag */ = {isa = PBXFileReference; lastKnownFileType = sourcecode.glsl; path = triangles.frag; sourceTree = "<group>"; };
/* End PBXFileReference section */

/* Begin PBXFrameworksBuildPhase section */
		22405D212028088100CD9E54 /* Frameworks */ = {
			isa = PBXFrameworksBuildPhase;
			buildActionMask = 2147483647;
			files = (
				22405D34202808DB00CD9E54 /* libGLEW.2.1.0.dylib in Frameworks */,
				22405D32202808CA00CD9E54 /* OpenGL.framework in Frameworks */,
				22405D30202808C500CD9E54 /* GLUT.framework in Frameworks */,
			);
			runOnlyForDeploymentPostprocessing = 0;
		};
/* End PBXFrameworksBuildPhase section */

/* Begin PBXGroup section */
		22405D1B2028088100CD9E54 = {
			isa = PBXGroup;
			children = (
				22405D262028088100CD9E54 /* Src */,
				22405D252028088100CD9E54 /* Products */,
				22405D2E202808C400CD9E54 /* Frameworks */,
			);
			sourceTree = "<group>";
		};
		22405D252028088100CD9E54 /* Products */ = {
			isa = PBXGroup;
			children = (
				22405D242028088100CD9E54 /* Clarity Engine */,
			);
			name = Products;
			sourceTree = "<group>";
		};
		22405D262028088100CD9E54 /* Src */ = {
			isa = PBXGroup;
			children = (
				2247EA8020328F7900904518 /* Clarity Engine */,
				2247EA7E20328B9100904518 /* Graphics */,
				22405D272028088100CD9E54 /* main.cpp */,
			);
			path = Src;
			sourceTree = "<group>";
		};
		22405D2E202808C400CD9E54 /* Frameworks */ = {
			isa = PBXGroup;
			children = (
				22405D33202808DB00CD9E54 /* libGLEW.2.1.0.dylib */,
				22405D31202808CA00CD9E54 /* OpenGL.framework */,
				22405D2F202808C500CD9E54 /* GLUT.framework */,
			);
			name = Frameworks;
			sourceTree = "<group>";
		};
		2247EA7E20328B9100904518 /* Graphics */ = {
			isa = PBXGroup;
			children = (
				2247EA7F20328BE700904518 /* shaders */,
				22405D3620280A5B00CD9E54 /* LoadShaders.cpp */,
				2247EA842032903B00904518 /* Graphics.cpp */,
				2247EA852032903B00904518 /* Graphics.hpp */,
			);
			path = Graphics;
			sourceTree = "<group>";
		};
		2247EA7F20328BE700904518 /* shaders */ = {
			isa = PBXGroup;
			children = (
				2272AD702029483900CE3A87 /* triangles.frag */,
				2272AD6F2029483900CE3A87 /* triangles.vert */,
			);
			path = shaders;
			sourceTree = "<group>";
		};
		2247EA8020328F7900904518 /* Clarity Engine */ = {
			isa = PBXGroup;
			children = (
				2247EA9320329EBE00904518 /* Components */,
				2247EA8120328F9700904518 /* Clarity.cpp */,
				2247EA8220328F9700904518 /* Clarity.hpp */,
				2247EA87203292DE00904518 /* GameObjectManager.cpp */,
				2247EA88203292DE00904518 /* GameObjectManager.hpp */,
				2247EA8A2032934900904518 /* GameObject.cpp */,
				2247EA8B2032934900904518 /* GameObject.hpp */,
				2247EA8D203296CF00904518 /* BaseMessage.cpp */,
				2247EA8E203296CF00904518 /* BaseMessage.hpp */,
				2247EA902032973800904518 /* BaseComponent.cpp */,
				2247EA912032973800904518 /* BaseComponent.hpp */,
			);
			path = "Clarity Engine";
			sourceTree = "<group>";
		};
		2247EA9320329EBE00904518 /* Components */ = {
			isa = PBXGroup;
			children = (
				2247EA9420329ED400904518 /* Transform.cpp */,
				2247EA9520329ED400904518 /* Transform.hpp */,
			);
			path = Components;
			sourceTree = "<group>";
		};
/* End PBXGroup section */

/* Begin PBXNativeTarget section */
		22405D232028088100CD9E54 /* Clarity Engine */ = {
			isa = PBXNativeTarget;
			buildConfigurationList = 22405D2B2028088100CD9E54 /* Build configuration list for PBXNativeTarget "Clarity Engine" */;
			buildPhases = (
				22405D202028088100CD9E54 /* Sources */,
				22405D212028088100CD9E54 /* Frameworks */,
				22405D222028088100CD9E54 /* CopyFiles */,
			);
			buildRules = (
			);
			dependencies = (
			);
			name = "Clarity Engine";
			productName = "OpenGL Template";
			productReference = 22405D242028088100CD9E54 /* Clarity Engine */;
			productType = "com.apple.product-type.tool";
		};
/* End PBXNativeTarget section */

/* Begin PBXProject section */
		22405D1C2028088100CD9E54 /* Project object */ = {
			isa = PBXProject;
			attributes = {
				LastUpgradeCheck = 0930;
				ORGANIZATIONNAME = "The Pixel Crushers";
				TargetAttributes = {
					22405D232028088100CD9E54 = {
						CreatedOnToolsVersion = 9.2;
						ProvisioningStyle = Automatic;
					};
				};
			};
			buildConfigurationList = 22405D1F2028088100CD9E54 /* Build configuration list for PBXProject "Clarity Engine" */;
			compatibilityVersion = "Xcode 8.0";
			developmentRegion = en;
			hasScannedForEncodings = 0;
			knownRegions = (
				en,
			);
			mainGroup = 22405D1B2028088100CD9E54;
			productRefGroup = 22405D252028088100CD9E54 /* Products */;
			projectDirPath = "";
			projectRoot = "";
			targets = (
				22405D232028088100CD9E54 /* Clarity Engine */,
			);
		};
/* End PBXProject section */

/* Begin PBXSourcesBuildPhase section */
		22405D202028088100CD9E54 /* Sources */ = {
			isa = PBXSourcesBuildPhase;
			buildActionMask = 2147483647;
			files = (
				2247EA9620329ED400904518 /* Transform.cpp in Sources */,
				2247EA922032973800904518 /* BaseComponent.cpp in Sources */,
				2247EA8320328F9700904518 /* Clarity.cpp in Sources */,
				22405D3820280A5C00CD9E54 /* LoadShaders.cpp in Sources */,
				2247EA8C2032934900904518 /* GameObject.cpp in Sources */,
				2247EA862032903B00904518 /* Graphics.cpp in Sources */,
				22405D282028088100CD9E54 /* main.cpp in Sources */,
				2247EA89203292DE00904518 /* GameObjectManager.cpp in Sources */,
				2247EA8F203296CF00904518 /* BaseMessage.cpp in Sources */,
			);
			runOnlyForDeploymentPostprocessing = 0;
		};
/* End PBXSourcesBuildPhase section */

/* Begin XCBuildConfiguration section */
		22405D292028088100CD9E54 /* Debug */ = {
			isa = XCBuildConfiguration;
			buildSettings = {
				ALWAYS_SEARCH_USER_PATHS = NO;
				CLANG_ANALYZER_NONNULL = YES;
				CLANG_ANALYZER_NUMBER_OBJECT_CONVERSION = YES_AGGRESSIVE;
				CLANG_CXX_LANGUAGE_STANDARD = "gnu++14";
				CLANG_CXX_LIBRARY = "libc++";
				CLANG_ENABLE_MODULES = YES;
				CLANG_ENABLE_OBJC_ARC = YES;
				CLANG_WARN_BLOCK_CAPTURE_AUTORELEASING = YES;
				CLANG_WARN_BOOL_CONVERSION = YES;
				CLANG_WARN_COMMA = YES;
				CLANG_WARN_CONSTANT_CONVERSION = YES;
				CLANG_WARN_DEPRECATED_OBJC_IMPLEMENTATIONS = YES;
				CLANG_WARN_DIRECT_OBJC_ISA_USAGE = YES_ERROR;
				CLANG_WARN_DOCUMENTATION_COMMENTS = YES;
				CLANG_WARN_EMPTY_BODY = YES;
				CLANG_WARN_ENUM_CONVERSION = YES;
				CLANG_WARN_INFINITE_RECURSION = YES;
				CLANG_WARN_INT_CONVERSION = YES;
				CLANG_WARN_NON_LITERAL_NULL_CONVERSION = YES;
				CLANG_WARN_OBJC_IMPLICIT_RETAIN_SELF = YES;
				CLANG_WARN_OBJC_LITERAL_CONVERSION = YES;
				CLANG_WARN_OBJC_ROOT_CLASS = YES_ERROR;
				CLANG_WARN_RANGE_LOOP_ANALYSIS = YES;
				CLANG_WARN_STRICT_PROTOTYPES = YES;
				CLANG_WARN_SUSPICIOUS_MOVE = YES;
				CLANG_WARN_UNGUARDED_AVAILABILITY = YES_AGGRESSIVE;
				CLANG_WARN_UNREACHABLE_CODE = YES;
				CLANG_WARN__DUPLICATE_METHOD_MATCH = YES;
				CODE_SIGN_IDENTITY = "Mac Developer";
				COPY_PHASE_STRIP = NO;
				DEBUG_INFORMATION_FORMAT = dwarf;
				ENABLE_STRICT_OBJC_MSGSEND = YES;
				ENABLE_TESTABILITY = YES;
				GCC_C_LANGUAGE_STANDARD = gnu11;
				GCC_DYNAMIC_NO_PIC = NO;
				GCC_NO_COMMON_BLOCKS = YES;
				GCC_OPTIMIZATION_LEVEL = 0;
				GCC_PREPROCESSOR_DEFINITIONS = (
					"DEBUG=1",
					"$(inherited)",
				);
				GCC_WARN_64_TO_32_BIT_CONVERSION = YES;
				GCC_WARN_ABOUT_RETURN_TYPE = YES_ERROR;
				GCC_WARN_UNDECLARED_SELECTOR = YES;
				GCC_WARN_UNINITIALIZED_AUTOS = YES_AGGRESSIVE;
				GCC_WARN_UNUSED_FUNCTION = YES;
				GCC_WARN_UNUSED_VARIABLE = YES;
				MACOSX_DEPLOYMENT_TARGET = 10.13;
				MTL_ENABLE_DEBUG_INFO = YES;
				OBJROOT = "$(SRCROOT)/Temp";
				ONLY_ACTIVE_ARCH = YES;
				SDKROOT = macosx;
				SYMROOT = "$(SRCROOT)/Game";
			};
			name = Debug;
		};
		22405D2A2028088100CD9E54 /* Release */ = {
			isa = XCBuildConfiguration;
			buildSettings = {
				ALWAYS_SEARCH_USER_PATHS = NO;
				CLANG_ANALYZER_NONNULL = YES;
				CLANG_ANALYZER_NUMBER_OBJECT_CONVERSION = YES_AGGRESSIVE;
				CLANG_CXX_LANGUAGE_STANDARD = "gnu++14";
				CLANG_CXX_LIBRARY = "libc++";
				CLANG_ENABLE_MODULES = YES;
				CLANG_ENABLE_OBJC_ARC = YES;
				CLANG_WARN_BLOCK_CAPTURE_AUTORELEASING = YES;
				CLANG_WARN_BOOL_CONVERSION = YES;
				CLANG_WARN_COMMA = YES;
				CLANG_WARN_CONSTANT_CONVERSION = YES;
				CLANG_WARN_DEPRECATED_OBJC_IMPLEMENTATIONS = YES;
				CLANG_WARN_DIRECT_OBJC_ISA_USAGE = YES_ERROR;
				CLANG_WARN_DOCUMENTATION_COMMENTS = YES;
				CLANG_WARN_EMPTY_BODY = YES;
				CLANG_WARN_ENUM_CONVERSION = YES;
				CLANG_WARN_INFINITE_RECURSION = YES;
				CLANG_WARN_INT_CONVERSION = YES;
				CLANG_WARN_NON_LITERAL_NULL_CONVERSION = YES;
				CLANG_WARN_OBJC_IMPLICIT_RETAIN_SELF = YES;
				CLANG_WARN_OBJC_LITERAL_CONVERSION = YES;
				CLANG_WARN_OBJC_ROOT_CLASS = YES_ERROR;
				CLANG_WARN_RANGE_LOOP_ANALYSIS = YES;
				CLANG_WARN_STRICT_PROTOTYPES = YES;
				CLANG_WARN_SUSPICIOUS_MOVE = YES;
				CLANG_WARN_UNGUARDED_AVAILABILITY = YES_AGGRESSIVE;
				CLANG_WARN_UNREACHABLE_CODE = YES;
				CLANG_WARN__DUPLICATE_METHOD_MATCH = YES;
				CODE_SIGN_IDENTITY = "Mac Developer";
				COPY_PHASE_STRIP = NO;
				DEBUG_INFORMATION_FORMAT = "dwarf-with-dsym";
				ENABLE_NS_ASSERTIONS = NO;
				ENABLE_STRICT_OBJC_MSGSEND = YES;
				GCC_C_LANGUAGE_STANDARD = gnu11;
				GCC_NO_COMMON_BLOCKS = YES;
				GCC_WARN_64_TO_32_BIT_CONVERSION = YES;
				GCC_WARN_ABOUT_RETURN_TYPE = YES_ERROR;
				GCC_WARN_UNDECLARED_SELECTOR = YES;
				GCC_WARN_UNINITIALIZED_AUTOS = YES_AGGRESSIVE;
				GCC_WARN_UNUSED_FUNCTION = YES;
				GCC_WARN_UNUSED_VARIABLE = YES;
				MACOSX_DEPLOYMENT_TARGET = 10.13;
				MTL_ENABLE_DEBUG_INFO = NO;
				OBJROOT = "$(SRCROOT)/Temp";
				SDKROOT = macosx;
				SYMROOT = "$(SRCROOT)/Game";
			};
			name = Release;
		};
		22405D2C2028088100CD9E54 /* Debug */ = {
			isa = XCBuildConfiguration;
			buildSettings = {
				CLANG_ENABLE_OBJC_WEAK = YES;
				CODE_SIGN_STYLE = Automatic;
				DEVELOPMENT_TEAM = S6QU6L8X9U;
				HEADER_SEARCH_PATHS = (
					"\"$(SRCROOT)/Lib\"/**",
					"\"$(SRCROOT)/Src/inc\"/**",
				);
				LIBRARY_SEARCH_PATHS = (
					"$(inherited)",
					"$(SRCROOT)/Lib/glew/2.1.0/lib",
				);
				MACOSX_DEPLOYMENT_TARGET = 10.12;
				OBJROOT = "$(SRCROOT)/Temp";
				PRODUCT_NAME = "$(TARGET_NAME)";
				SYMROOT = "$(SRCROOT)/Game/";
			};
			name = Debug;
		};
		22405D2D2028088100CD9E54 /* Release */ = {
			isa = XCBuildConfiguration;
			buildSettings = {
				CLANG_ENABLE_OBJC_WEAK = YES;
				CODE_SIGN_STYLE = Automatic;
				DEVELOPMENT_TEAM = S6QU6L8X9U;
				HEADER_SEARCH_PATHS = (
					"\"$(SRCROOT)/Lib\"/**",
					"\"$(SRCROOT)/Src/inc\"/**",
				);
				LIBRARY_SEARCH_PATHS = (
					"$(inherited)",
					"$(SRCROOT)/Lib/glew/2.1.0/lib",
				);
				MACOSX_DEPLOYMENT_TARGET = 10.12;
				OBJROOT = "$(SRCROOT)/Temp";
				PRODUCT_NAME = "$(TARGET_NAME)";
				SYMROOT = "$(SRCROOT)/Game/";
			};
			name = Release;
		};
/* End XCBuildConfiguration section */

/* Begin XCConfigurationList section */
		22405D1F2028088100CD9E54 /* Build configuration list for PBXProject "Clarity Engine" */ = {
			isa = XCConfigurationList;
			buildConfigurations = (
				22405D292028088100CD9E54 /* Debug */,
				22405D2A2028088100CD9E54 /* Release */,
			);
			defaultConfigurationIsVisible = 0;
			defaultConfigurationName = Release;
		};
		22405D2B2028088100CD9E54 /* Build configuration list for PBXNativeTarget "Clarity Engine" */ = {
			isa = XCConfigurationList;
			buildConfigurations = (
				22405D2C2028088100CD9E54 /* Debug */,
				22405D2D2028088100CD9E54 /* Release */,
			);
			defaultConfigurationIsVisible = 0;
			defaultConfigurationName = Release;
		};
/* End XCConfigurationList section */
	};
	rootObject = 22405D1C2028088100CD9E54 /* Project object */;
}
